// !$*UTF8*$!
{
	archiveVersion = 1;
	classes = {
	};
	objectVersion = 46;
	objects = {

/* Begin PBXBuildFile section */
		BD567D731A6EEDAB00C9495F /* CDKDefines.h in Headers */ = {isa = PBXBuildFile; fileRef = BD567D721A6EEDAB00C9495F /* CDKDefines.h */; settings = {ATTRIBUTES = (Public, ); }; };
		BDC45DED1A155DCA00662D74 /* CoreDataKit.framework in Frameworks */ = {isa = PBXBuildFile; fileRef = BDC45DE21A155DC900662D74 /* CoreDataKit.framework */; };
		BDC45DFB1A155F1500662D74 /* CDKStackTests.m in Sources */ = {isa = PBXBuildFile; fileRef = BDC45D9E1A155D6600662D74 /* CDKStackTests.m */; };
		BDC45DFC1A155F2100662D74 /* CoreDataKit.h in Headers */ = {isa = PBXBuildFile; fileRef = BD080CA1194B7B190052F7BE /* CoreDataKit.h */; settings = {ATTRIBUTES = (Public, ); }; };
		BDC45DFD1A155F2100662D74 /* CDKStack.h in Headers */ = {isa = PBXBuildFile; fileRef = BDC737681A14A30500CACC47 /* CDKStack.h */; settings = {ATTRIBUTES = (Public, ); }; };
		BDC45DFE1A155F2100662D74 /* CDKStack.m in Sources */ = {isa = PBXBuildFile; fileRef = BDC737691A14A30500CACC47 /* CDKStack.m */; };
		BDC45DFF1A155F2100662D74 /* NSCoder+CoreDataKit.h in Headers */ = {isa = PBXBuildFile; fileRef = BDC7377A1A14EC4000CACC47 /* NSCoder+CoreDataKit.h */; settings = {ATTRIBUTES = (Public, ); }; };
		BDC45E001A155F2100662D74 /* NSCoder+CoreDataKit.m in Sources */ = {isa = PBXBuildFile; fileRef = BDC7377B1A14EC4000CACC47 /* NSCoder+CoreDataKit.m */; };
		BDC45E011A155F2100662D74 /* NSExpressionDescription+CoreDataKit.h in Headers */ = {isa = PBXBuildFile; fileRef = BDC7378C1A150A8700CACC47 /* NSExpressionDescription+CoreDataKit.h */; settings = {ATTRIBUTES = (Public, ); }; };
		BDC45E021A155F2100662D74 /* NSExpressionDescription+CoreDataKit.m in Sources */ = {isa = PBXBuildFile; fileRef = BDC7378D1A150A8700CACC47 /* NSExpressionDescription+CoreDataKit.m */; };
		BDC45E031A155F2100662D74 /* NSManagedObjectContext+CoreDataKit.h in Headers */ = {isa = PBXBuildFile; fileRef = BDC737801A14EE5600CACC47 /* NSManagedObjectContext+CoreDataKit.h */; settings = {ATTRIBUTES = (Public, ); }; };
		BDC45E041A155F2100662D74 /* NSManagedObjectContext+CoreDataKit.m in Sources */ = {isa = PBXBuildFile; fileRef = BDC737811A14EE5600CACC47 /* NSManagedObjectContext+CoreDataKit.m */; };
		BDC45E051A155F2100662D74 /* NSManagedObject+CoreDataKit.h in Headers */ = {isa = PBXBuildFile; fileRef = BDC737861A1507D500CACC47 /* NSManagedObject+CoreDataKit.h */; settings = {ATTRIBUTES = (Public, ); }; };
		BDC45E061A155F2100662D74 /* NSManagedObject+CoreDataKit.m in Sources */ = {isa = PBXBuildFile; fileRef = BDC737871A1507D500CACC47 /* NSManagedObject+CoreDataKit.m */; };
		BDC45E071A155F2100662D74 /* NSURL+CoreDataKit.h in Headers */ = {isa = PBXBuildFile; fileRef = BDC737741A14A93A00CACC47 /* NSURL+CoreDataKit.h */; settings = {ATTRIBUTES = (Public, ); }; };
		BDC45E081A155F2100662D74 /* NSURL+CoreDataKit.m in Sources */ = {isa = PBXBuildFile; fileRef = BDC737751A14A93A00CACC47 /* NSURL+CoreDataKit.m */; };
		BDC45E0E1A15651C00662D74 /* XCTestCase+Fixtures.m in Sources */ = {isa = PBXBuildFile; fileRef = BDC45E0D1A15651C00662D74 /* XCTestCase+Fixtures.m */; };
		BDC45E111A156C1000662D74 /* NSURLTests.m in Sources */ = {isa = PBXBuildFile; fileRef = BDC45E101A156C1000662D74 /* NSURLTests.m */; };
/* End PBXBuildFile section */

/* Begin PBXContainerItemProxy section */
		BDC45DEE1A155DCA00662D74 /* PBXContainerItemProxy */ = {
			isa = PBXContainerItemProxy;
			containerPortal = BD080C70194B79E30052F7BE /* Project object */;
			proxyType = 1;
			remoteGlobalIDString = BDC45DE11A155DC900662D74;
			remoteInfo = "CoreDataKit iOS";
		};
/* End PBXContainerItemProxy section */

/* Begin PBXFileReference section */
		BD080CA1194B7B190052F7BE /* CoreDataKit.h */ = {isa = PBXFileReference; lastKnownFileType = sourcecode.c.h; path = CoreDataKit.h; sourceTree = "<group>"; };
		BD080CB4194B7B190052F7BE /* Info.plist */ = {isa = PBXFileReference; lastKnownFileType = text.plist.xml; path = Info.plist; sourceTree = "<group>"; };
		BD080CB6194B7B190052F7BE /* Test.xcdatamodel */ = {isa = PBXFileReference; lastKnownFileType = wrapper.xcdatamodel; path = Test.xcdatamodel; sourceTree = "<group>"; };
		BD080CB9194B7B190052F7BE /* LICENSE.md */ = {isa = PBXFileReference; lastKnownFileType = net.daringfireball.markdown; path = LICENSE.md; sourceTree = "<group>"; };
		BD080CBA194B7B190052F7BE /* README.md */ = {isa = PBXFileReference; lastKnownFileType = net.daringfireball.markdown; path = README.md; sourceTree = "<group>"; };
		BD080CBC194B7B4F0052F7BE /* Info.plist */ = {isa = PBXFileReference; lastKnownFileType = text.plist.xml; path = Info.plist; sourceTree = "<group>"; };
		BD567D721A6EEDAB00C9495F /* CDKDefines.h */ = {isa = PBXFileReference; fileEncoding = 4; lastKnownFileType = sourcecode.c.h; path = CDKDefines.h; sourceTree = "<group>"; };
		BDC45D9E1A155D6600662D74 /* CDKStackTests.m */ = {isa = PBXFileReference; fileEncoding = 4; lastKnownFileType = sourcecode.c.objc; path = CDKStackTests.m; sourceTree = "<group>"; };
		BDC45DE21A155DC900662D74 /* CoreDataKit.framework */ = {isa = PBXFileReference; explicitFileType = wrapper.framework; includeInIndex = 0; path = CoreDataKit.framework; sourceTree = BUILT_PRODUCTS_DIR; };
		BDC45DEC1A155DCA00662D74 /* CoreDataKitTests iOS.xctest */ = {isa = PBXFileReference; explicitFileType = wrapper.cfbundle; includeInIndex = 0; path = "CoreDataKitTests iOS.xctest"; sourceTree = BUILT_PRODUCTS_DIR; };
		BDC45E0C1A15651C00662D74 /* XCTestCase+Fixtures.h */ = {isa = PBXFileReference; fileEncoding = 4; lastKnownFileType = sourcecode.c.h; path = "XCTestCase+Fixtures.h"; sourceTree = "<group>"; };
		BDC45E0D1A15651C00662D74 /* XCTestCase+Fixtures.m */ = {isa = PBXFileReference; fileEncoding = 4; lastKnownFileType = sourcecode.c.objc; path = "XCTestCase+Fixtures.m"; sourceTree = "<group>"; };
		BDC45E101A156C1000662D74 /* NSURLTests.m */ = {isa = PBXFileReference; fileEncoding = 4; lastKnownFileType = sourcecode.c.objc; path = NSURLTests.m; sourceTree = "<group>"; };
		BDC737681A14A30500CACC47 /* CDKStack.h */ = {isa = PBXFileReference; fileEncoding = 4; lastKnownFileType = sourcecode.c.h; path = CDKStack.h; sourceTree = "<group>"; };
		BDC737691A14A30500CACC47 /* CDKStack.m */ = {isa = PBXFileReference; fileEncoding = 4; lastKnownFileType = sourcecode.c.objc; path = CDKStack.m; sourceTree = "<group>"; };
		BDC737741A14A93A00CACC47 /* NSURL+CoreDataKit.h */ = {isa = PBXFileReference; fileEncoding = 4; lastKnownFileType = sourcecode.c.h; path = "NSURL+CoreDataKit.h"; sourceTree = "<group>"; };
		BDC737751A14A93A00CACC47 /* NSURL+CoreDataKit.m */ = {isa = PBXFileReference; fileEncoding = 4; lastKnownFileType = sourcecode.c.objc; path = "NSURL+CoreDataKit.m"; sourceTree = "<group>"; };
		BDC7377A1A14EC4000CACC47 /* NSCoder+CoreDataKit.h */ = {isa = PBXFileReference; fileEncoding = 4; lastKnownFileType = sourcecode.c.h; path = "NSCoder+CoreDataKit.h"; sourceTree = "<group>"; };
		BDC7377B1A14EC4000CACC47 /* NSCoder+CoreDataKit.m */ = {isa = PBXFileReference; fileEncoding = 4; lastKnownFileType = sourcecode.c.objc; path = "NSCoder+CoreDataKit.m"; sourceTree = "<group>"; };
		BDC737801A14EE5600CACC47 /* NSManagedObjectContext+CoreDataKit.h */ = {isa = PBXFileReference; fileEncoding = 4; lastKnownFileType = sourcecode.c.h; path = "NSManagedObjectContext+CoreDataKit.h"; sourceTree = "<group>"; };
		BDC737811A14EE5600CACC47 /* NSManagedObjectContext+CoreDataKit.m */ = {isa = PBXFileReference; fileEncoding = 4; lastKnownFileType = sourcecode.c.objc; path = "NSManagedObjectContext+CoreDataKit.m"; sourceTree = "<group>"; };
		BDC737861A1507D500CACC47 /* NSManagedObject+CoreDataKit.h */ = {isa = PBXFileReference; fileEncoding = 4; lastKnownFileType = sourcecode.c.h; path = "NSManagedObject+CoreDataKit.h"; sourceTree = "<group>"; };
		BDC737871A1507D500CACC47 /* NSManagedObject+CoreDataKit.m */ = {isa = PBXFileReference; fileEncoding = 4; lastKnownFileType = sourcecode.c.objc; path = "NSManagedObject+CoreDataKit.m"; sourceTree = "<group>"; };
		BDC7378C1A150A8700CACC47 /* NSExpressionDescription+CoreDataKit.h */ = {isa = PBXFileReference; fileEncoding = 4; lastKnownFileType = sourcecode.c.h; path = "NSExpressionDescription+CoreDataKit.h"; sourceTree = "<group>"; };
		BDC7378D1A150A8700CACC47 /* NSExpressionDescription+CoreDataKit.m */ = {isa = PBXFileReference; fileEncoding = 4; lastKnownFileType = sourcecode.c.objc; path = "NSExpressionDescription+CoreDataKit.m"; sourceTree = "<group>"; };
/* End PBXFileReference section */

/* Begin PBXFrameworksBuildPhase section */
		BDC45DDE1A155DC900662D74 /* Frameworks */ = {
			isa = PBXFrameworksBuildPhase;
			buildActionMask = 2147483647;
			files = (
			);
			runOnlyForDeploymentPostprocessing = 0;
		};
		BDC45DE91A155DCA00662D74 /* Frameworks */ = {
			isa = PBXFrameworksBuildPhase;
			buildActionMask = 2147483647;
			files = (
				BDC45DED1A155DCA00662D74 /* CoreDataKit.framework in Frameworks */,
			);
			runOnlyForDeploymentPostprocessing = 0;
		};
/* End PBXFrameworksBuildPhase section */

/* Begin PBXGroup section */
		BD080C6F194B79E30052F7BE = {
			isa = PBXGroup;
			children = (
				BD080CBB194B7B360052F7BE /* Resources */,
				BD080C99194B7B190052F7BE /* Source */,
				BD080CAE194B7B190052F7BE /* Tests */,
				BD080C7A194B79E30052F7BE /* Products */,
			);
			sourceTree = "<group>";
		};
		BD080C7A194B79E30052F7BE /* Products */ = {
			isa = PBXGroup;
			children = (
				BDC45DE21A155DC900662D74 /* CoreDataKit.framework */,
				BDC45DEC1A155DCA00662D74 /* CoreDataKitTests iOS.xctest */,
			);
			name = Products;
			sourceTree = "<group>";
		};
		BD080C99194B7B190052F7BE /* Source */ = {
			isa = PBXGroup;
			children = (
				BD080CA1194B7B190052F7BE /* CoreDataKit.h */,
				BD567D721A6EEDAB00C9495F /* CDKDefines.h */,
				BDC737681A14A30500CACC47 /* CDKStack.h */,
				BDC737691A14A30500CACC47 /* CDKStack.m */,
				BD080CCB194B7C680052F7BE /* Categories */,
			);
			path = Source;
			sourceTree = "<group>";
		};
		BD080CAE194B7B190052F7BE /* Tests */ = {
			isa = PBXGroup;
			children = (
				BD080CC0194B7BD50052F7BE /* Resources */,
				BDC45E0F1A15652400662D74 /* Support */,
				BDC45D9E1A155D6600662D74 /* CDKStackTests.m */,
				BDC45E101A156C1000662D74 /* NSURLTests.m */,
			);
			path = Tests;
			sourceTree = "<group>";
		};
		BD080CBB194B7B360052F7BE /* Resources */ = {
			isa = PBXGroup;
			children = (
				BD080CB9194B7B190052F7BE /* LICENSE.md */,
				BD080CBA194B7B190052F7BE /* README.md */,
				BD080CBC194B7B4F0052F7BE /* Info.plist */,
			);
			name = Resources;
			sourceTree = "<group>";
		};
		BD080CC0194B7BD50052F7BE /* Resources */ = {
			isa = PBXGroup;
			children = (
				BD080CB5194B7B190052F7BE /* Test.xcdatamodeld */,
				BD080CB4194B7B190052F7BE /* Info.plist */,
			);
			name = Resources;
			sourceTree = "<group>";
		};
		BD080CCB194B7C680052F7BE /* Categories */ = {
			isa = PBXGroup;
			children = (
				BDC7377A1A14EC4000CACC47 /* NSCoder+CoreDataKit.h */,
				BDC7377B1A14EC4000CACC47 /* NSCoder+CoreDataKit.m */,
				BDC7378C1A150A8700CACC47 /* NSExpressionDescription+CoreDataKit.h */,
				BDC7378D1A150A8700CACC47 /* NSExpressionDescription+CoreDataKit.m */,
				BDC737801A14EE5600CACC47 /* NSManagedObjectContext+CoreDataKit.h */,
				BDC737811A14EE5600CACC47 /* NSManagedObjectContext+CoreDataKit.m */,
				BDC737861A1507D500CACC47 /* NSManagedObject+CoreDataKit.h */,
				BDC737871A1507D500CACC47 /* NSManagedObject+CoreDataKit.m */,
				BDC737741A14A93A00CACC47 /* NSURL+CoreDataKit.h */,
				BDC737751A14A93A00CACC47 /* NSURL+CoreDataKit.m */,
			);
			name = Categories;
			sourceTree = "<group>";
		};
		BDC45E0F1A15652400662D74 /* Support */ = {
			isa = PBXGroup;
			children = (
				BDC45E0C1A15651C00662D74 /* XCTestCase+Fixtures.h */,
				BDC45E0D1A15651C00662D74 /* XCTestCase+Fixtures.m */,
			);
			name = Support;
			sourceTree = "<group>";
		};
/* End PBXGroup section */

/* Begin PBXHeadersBuildPhase section */
		BDC45DDF1A155DC900662D74 /* Headers */ = {
			isa = PBXHeadersBuildPhase;
			buildActionMask = 2147483647;
			files = (
				BDC45DFD1A155F2100662D74 /* CDKStack.h in Headers */,
				BDC45E071A155F2100662D74 /* NSURL+CoreDataKit.h in Headers */,
				BD567D731A6EEDAB00C9495F /* CDKDefines.h in Headers */,
				BDC45DFF1A155F2100662D74 /* NSCoder+CoreDataKit.h in Headers */,
				BDC45E011A155F2100662D74 /* NSExpressionDescription+CoreDataKit.h in Headers */,
				BDC45E031A155F2100662D74 /* NSManagedObjectContext+CoreDataKit.h in Headers */,
				BDC45E051A155F2100662D74 /* NSManagedObject+CoreDataKit.h in Headers */,
				BDC45DFC1A155F2100662D74 /* CoreDataKit.h in Headers */,
			);
			runOnlyForDeploymentPostprocessing = 0;
		};
/* End PBXHeadersBuildPhase section */

/* Begin PBXNativeTarget section */
		BDC45DE11A155DC900662D74 /* CoreDataKit iOS */ = {
			isa = PBXNativeTarget;
			buildConfigurationList = BDC45DF51A155DCA00662D74 /* Build configuration list for PBXNativeTarget "CoreDataKit iOS" */;
			buildPhases = (
				BDC45DDD1A155DC900662D74 /* Sources */,
				BDC45DDE1A155DC900662D74 /* Frameworks */,
				BDC45DDF1A155DC900662D74 /* Headers */,
				BDC45DE01A155DC900662D74 /* Resources */,
			);
			buildRules = (
			);
			dependencies = (
			);
			name = "CoreDataKit iOS";
			productName = "CoreDataKit iOS";
			productReference = BDC45DE21A155DC900662D74 /* CoreDataKit.framework */;
			productType = "com.apple.product-type.framework";
		};
		BDC45DEB1A155DCA00662D74 /* CoreDataKitTests iOS */ = {
			isa = PBXNativeTarget;
			buildConfigurationList = BDC45DF81A155DCA00662D74 /* Build configuration list for PBXNativeTarget "CoreDataKitTests iOS" */;
			buildPhases = (
				BDC45DE81A155DCA00662D74 /* Sources */,
				BDC45DE91A155DCA00662D74 /* Frameworks */,
				BDC45DEA1A155DCA00662D74 /* Resources */,
			);
			buildRules = (
			);
			dependencies = (
				BDC45DEF1A155DCA00662D74 /* PBXTargetDependency */,
			);
			name = "CoreDataKitTests iOS";
			productName = "CoreDataKit iOSTests";
			productReference = BDC45DEC1A155DCA00662D74 /* CoreDataKitTests iOS.xctest */;
			productType = "com.apple.product-type.bundle.unit-test";
		};
/* End PBXNativeTarget section */

/* Begin PBXProject section */
		BD080C70194B79E30052F7BE /* Project object */ = {
			isa = PBXProject;
			attributes = {
				LastUpgradeCheck = 0600;
				ORGANIZATIONNAME = "Felix Gabel";
				TargetAttributes = {
					BDC45DE11A155DC900662D74 = {
						CreatedOnToolsVersion = 6.1;
						DevelopmentTeam = MMDS6BCK8S;
					};
					BDC45DEB1A155DCA00662D74 = {
						CreatedOnToolsVersion = 6.1;
					};
				};
			};
			buildConfigurationList = BD080C73194B79E30052F7BE /* Build configuration list for PBXProject "CoreDataKit" */;
			compatibilityVersion = "Xcode 3.2";
			developmentRegion = English;
			hasScannedForEncodings = 0;
			knownRegions = (
				en,
			);
			mainGroup = BD080C6F194B79E30052F7BE;
			productRefGroup = BD080C7A194B79E30052F7BE /* Products */;
			projectDirPath = "";
			projectRoot = "";
			targets = (
				BDC45DE11A155DC900662D74 /* CoreDataKit iOS */,
				BDC45DEB1A155DCA00662D74 /* CoreDataKitTests iOS */,
			);
		};
/* End PBXProject section */

/* Begin PBXResourcesBuildPhase section */
		BDC45DE01A155DC900662D74 /* Resources */ = {
			isa = PBXResourcesBuildPhase;
			buildActionMask = 2147483647;
			files = (
			);
			runOnlyForDeploymentPostprocessing = 0;
		};
		BDC45DEA1A155DCA00662D74 /* Resources */ = {
			isa = PBXResourcesBuildPhase;
			buildActionMask = 2147483647;
			files = (
			);
			runOnlyForDeploymentPostprocessing = 0;
		};
/* End PBXResourcesBuildPhase section */

/* Begin PBXSourcesBuildPhase section */
		BDC45DDD1A155DC900662D74 /* Sources */ = {
			isa = PBXSourcesBuildPhase;
			buildActionMask = 2147483647;
			files = (
				BDC45E001A155F2100662D74 /* NSCoder+CoreDataKit.m in Sources */,
				BDC45DFE1A155F2100662D74 /* CDKStack.m in Sources */,
				BDC45E081A155F2100662D74 /* NSURL+CoreDataKit.m in Sources */,
				BDC45E061A155F2100662D74 /* NSManagedObject+CoreDataKit.m in Sources */,
				BDC45E021A155F2100662D74 /* NSExpressionDescription+CoreDataKit.m in Sources */,
				BDC45E041A155F2100662D74 /* NSManagedObjectContext+CoreDataKit.m in Sources */,
			);
			runOnlyForDeploymentPostprocessing = 0;
		};
		BDC45DE81A155DCA00662D74 /* Sources */ = {
			isa = PBXSourcesBuildPhase;
			buildActionMask = 2147483647;
			files = (
				BDC45E0E1A15651C00662D74 /* XCTestCase+Fixtures.m in Sources */,
				BDC45E111A156C1000662D74 /* NSURLTests.m in Sources */,
				BDC45DFB1A155F1500662D74 /* CDKStackTests.m in Sources */,
			);
			runOnlyForDeploymentPostprocessing = 0;
		};
/* End PBXSourcesBuildPhase section */

/* Begin PBXTargetDependency section */
		BDC45DEF1A155DCA00662D74 /* PBXTargetDependency */ = {
			isa = PBXTargetDependency;
			target = BDC45DE11A155DC900662D74 /* CoreDataKit iOS */;
			targetProxy = BDC45DEE1A155DCA00662D74 /* PBXContainerItemProxy */;
		};
/* End PBXTargetDependency section */

/* Begin XCBuildConfiguration section */
		BD080C8D194B79E30052F7BE /* Debug */ = {
			isa = XCBuildConfiguration;
			buildSettings = {
				ALWAYS_SEARCH_USER_PATHS = NO;
				CLANG_CXX_LANGUAGE_STANDARD = "gnu++0x";
				CLANG_CXX_LIBRARY = "libc++";
				CLANG_ENABLE_MODULES = YES;
				CLANG_ENABLE_OBJC_ARC = YES;
				CLANG_WARN_BOOL_CONVERSION = YES;
				CLANG_WARN_CONSTANT_CONVERSION = YES;
				CLANG_WARN_DIRECT_OBJC_ISA_USAGE = YES_ERROR;
				CLANG_WARN_EMPTY_BODY = YES;
				CLANG_WARN_ENUM_CONVERSION = YES;
				CLANG_WARN_INT_CONVERSION = YES;
				CLANG_WARN_OBJC_ROOT_CLASS = YES_ERROR;
				CLANG_WARN_UNREACHABLE_CODE = YES;
				CLANG_WARN__DUPLICATE_METHOD_MATCH = YES;
				"CODE_SIGN_IDENTITY[sdk=iphoneos*]" = "iPhone Developer";
				COPY_PHASE_STRIP = NO;
				CURRENT_PROJECT_VERSION = 1;
				DEBUG_INFORMATION_FORMAT = dwarf;
				ENABLE_STRICT_OBJC_MSGSEND = YES;
				GCC_C_LANGUAGE_STANDARD = gnu99;
				GCC_OPTIMIZATION_LEVEL = 0;
				GCC_PREPROCESSOR_DEFINITIONS = (
					"DEBUG=1",
					"$(inherited)",
				);
				GCC_WARN_64_TO_32_BIT_CONVERSION = YES;
				GCC_WARN_ABOUT_RETURN_TYPE = YES_ERROR;
				GCC_WARN_UNDECLARED_SELECTOR = YES;
				GCC_WARN_UNINITIALIZED_AUTOS = YES_AGGRESSIVE;
				GCC_WARN_UNUSED_FUNCTION = YES;
				GCC_WARN_UNUSED_VARIABLE = YES;
				METAL_ENABLE_DEBUG_INFO = YES;
				ONLY_ACTIVE_ARCH = YES;
				SDKROOT = iphoneos;
				STRIP_INSTALLED_PRODUCT = NO;
				SWIFT_INSTALL_OBJC_HEADER = NO;
				TARGETED_DEVICE_FAMILY = "1,2";
				VERSIONING_SYSTEM = "apple-generic";
			};
			name = Debug;
		};
		BD080C8E194B79E30052F7BE /* Release */ = {
			isa = XCBuildConfiguration;
			buildSettings = {
				ALWAYS_SEARCH_USER_PATHS = NO;
				CLANG_CXX_LANGUAGE_STANDARD = "gnu++0x";
				CLANG_CXX_LIBRARY = "libc++";
				CLANG_ENABLE_MODULES = YES;
				CLANG_ENABLE_OBJC_ARC = YES;
				CLANG_WARN_BOOL_CONVERSION = YES;
				CLANG_WARN_CONSTANT_CONVERSION = YES;
				CLANG_WARN_DIRECT_OBJC_ISA_USAGE = YES_ERROR;
				CLANG_WARN_EMPTY_BODY = YES;
				CLANG_WARN_ENUM_CONVERSION = YES;
				CLANG_WARN_INT_CONVERSION = YES;
				CLANG_WARN_OBJC_ROOT_CLASS = YES_ERROR;
				CLANG_WARN_UNREACHABLE_CODE = YES;
				CLANG_WARN__DUPLICATE_METHOD_MATCH = YES;
				"CODE_SIGN_IDENTITY[sdk=iphoneos*]" = "iPhone Developer";
				CURRENT_PROJECT_VERSION = 1;
				ENABLE_NS_ASSERTIONS = NO;
				ENABLE_STRICT_OBJC_MSGSEND = YES;
				GCC_C_LANGUAGE_STANDARD = gnu99;
				GCC_WARN_64_TO_32_BIT_CONVERSION = YES;
				GCC_WARN_ABOUT_RETURN_TYPE = YES_ERROR;
				GCC_WARN_UNDECLARED_SELECTOR = YES;
				GCC_WARN_UNINITIALIZED_AUTOS = YES_AGGRESSIVE;
				GCC_WARN_UNUSED_FUNCTION = YES;
				GCC_WARN_UNUSED_VARIABLE = YES;
				METAL_ENABLE_DEBUG_INFO = NO;
				SDKROOT = iphoneos;
				SWIFT_INSTALL_OBJC_HEADER = NO;
				TARGETED_DEVICE_FAMILY = "1,2";
				VALIDATE_PRODUCT = YES;
				VERSIONING_SYSTEM = "apple-generic";
			};
			name = Release;
		};
		BDC45DF61A155DCA00662D74 /* Debug */ = {
			isa = XCBuildConfiguration;
			buildSettings = {
				CODE_SIGN_IDENTITY = "iPhone Developer";
				DEFINES_MODULE = YES;
				DYLIB_COMPATIBILITY_VERSION = 1;
				DYLIB_CURRENT_VERSION = 1;
				DYLIB_INSTALL_NAME_BASE = "@rpath";
				INFOPLIST_FILE = Info.plist;
				INSTALL_PATH = "$(LOCAL_LIBRARY_DIR)/Frameworks";
				LD_RUNPATH_SEARCH_PATHS = "$(inherited) @executable_path/Frameworks @loader_path/Frameworks";
				MTL_ENABLE_DEBUG_INFO = YES;
				PRODUCT_NAME = CoreDataKit;
				SKIP_INSTALL = YES;
			};
			name = Debug;
		};
		BDC45DF71A155DCA00662D74 /* Release */ = {
			isa = XCBuildConfiguration;
			buildSettings = {
				CODE_SIGN_IDENTITY = "iPhone Developer";
				DEFINES_MODULE = YES;
				DYLIB_COMPATIBILITY_VERSION = 1;
				DYLIB_CURRENT_VERSION = 1;
				DYLIB_INSTALL_NAME_BASE = "@rpath";
				INFOPLIST_FILE = Info.plist;
				INSTALL_PATH = "$(LOCAL_LIBRARY_DIR)/Frameworks";
				LD_RUNPATH_SEARCH_PATHS = "$(inherited) @executable_path/Frameworks @loader_path/Frameworks";
				MTL_ENABLE_DEBUG_INFO = NO;
				PRODUCT_NAME = CoreDataKit;
				SKIP_INSTALL = YES;
			};
			name = Release;
		};
		BDC45DF91A155DCA00662D74 /* Debug */ = {
			isa = XCBuildConfiguration;
			buildSettings = {
				FRAMEWORK_SEARCH_PATHS = (
					"$(SDKROOT)/Developer/Library/Frameworks",
					"$(inherited)",
				);
				INFOPLIST_FILE = Tests/Info.plist;
				IPHONEOS_DEPLOYMENT_TARGET = 8.1;
				LD_RUNPATH_SEARCH_PATHS = "$(inherited) @executable_path/Frameworks @loader_path/Frameworks";
				MTL_ENABLE_DEBUG_INFO = YES;
				PRODUCT_NAME = "$(TARGET_NAME)";
			};
			name = Debug;
		};
		BDC45DFA1A155DCA00662D74 /* Release */ = {
			isa = XCBuildConfiguration;
			buildSettings = {
				FRAMEWORK_SEARCH_PATHS = (
					"$(SDKROOT)/Developer/Library/Frameworks",
					"$(inherited)",
				);
				INFOPLIST_FILE = Tests/Info.plist;
				IPHONEOS_DEPLOYMENT_TARGET = 8.1;
				LD_RUNPATH_SEARCH_PATHS = "$(inherited) @executable_path/Frameworks @loader_path/Frameworks";
				MTL_ENABLE_DEBUG_INFO = NO;
				PRODUCT_NAME = "$(TARGET_NAME)";
			};
			name = Release;
		};
/* End XCBuildConfiguration section */

/* Begin XCConfigurationList section */
		BD080C73194B79E30052F7BE /* Build configuration list for PBXProject "CoreDataKit" */ = {
			isa = XCConfigurationList;
			buildConfigurations = (
				BD080C8D194B79E30052F7BE /* Debug */,
				BD080C8E194B79E30052F7BE /* Release */,
			);
			defaultConfigurationIsVisible = 0;
			defaultConfigurationName = Release;
		};
		BDC45DF51A155DCA00662D74 /* Build configuration list for PBXNativeTarget "CoreDataKit iOS" */ = {
			isa = XCConfigurationList;
			buildConfigurations = (
				BDC45DF61A155DCA00662D74 /* Debug */,
				BDC45DF71A155DCA00662D74 /* Release */,
			);
			defaultConfigurationIsVisible = 0;
			defaultConfigurationName = Release;
		};
		BDC45DF81A155DCA00662D74 /* Build configuration list for PBXNativeTarget "CoreDataKitTests iOS" */ = {
			isa = XCConfigurationList;
			buildConfigurations = (
				BDC45DF91A155DCA00662D74 /* Debug */,
				BDC45DFA1A155DCA00662D74 /* Release */,
			);
			defaultConfigurationIsVisible = 0;
			defaultConfigurationName = Release;
		};
/* End XCConfigurationList section */

/* Begin XCVersionGroup section */
		BD080CB5194B7B190052F7BE /* Test.xcdatamodeld */ = {
			isa = XCVersionGroup;
			children = (
				BD080CB6194B7B190052F7BE /* Test.xcdatamodel */,
			);
			currentVersion = BD080CB6194B7B190052F7BE /* Test.xcdatamodel */;
			path = Test.xcdatamodeld;
			sourceTree = "<group>";
			versionGroupType = wrapper.xcdatamodel;
		};
/* End XCVersionGroup section */
	};
	rootObject = BD080C70194B79E30052F7BE /* Project object */;
}
